# This file is autogenerated, do not edit; changes may be undone by the next 'dep ensure'.


[[projects]]
  digest = "1:573fa46f8d413d4bc3f7cc5e86b2c43cb21559f4fb0a19d9874d228e28fdc07c"
  name = "github.com/PuerkitoBio/goquery"
  packages = ["."]
  pruneopts = "UT"
  revision = "2d2796f41742ece03e8086188fa4db16a3a0b458"
  version = "v1.5.0"

[[projects]]
  digest = "1:24ffaa1636eba8f0cfc7671121d05a9a2040605adb1927a93be88fbc2ea6cfdb"
  name = "github.com/andybalholm/cascadia"
  packages = ["."]
  pruneopts = "UT"
  revision = "b69f6c92dfc187ebfe3914df716c2647a3af0ba0"
  version = "v1.1.0"

[[projects]]
  digest = "1:b46f50677ef33284ebde2b285a42b707ff9e1de1f37328d91869859c929ebbd2"
  name = "github.com/go-redis/redis"
  packages = [
    ".",
    "internal",
    "internal/consistenthash",
    "internal/hashtag",
    "internal/pool",
    "internal/proto",
    "internal/util",
  ]
  pruneopts = "UT"
  revision = "7f69d5e32072d151eb6936cbe2306413e8117488"
  version = "v6.15.6"

[[projects]]
  digest = "1:891f9c13236eb1b6d1abd4fe01e6c9be51bcc65f04da0dfa4bfdf356374e98c4"
  name = "github.com/mailru/easyjson"
  packages = [
    ".",
    "buffer",
    "jlexer",
    "jwriter",
  ]
  pruneopts = "UT"
  revision = "1b2b06f5f209fea48ff5922d8bfb2b9ed5d8f00b"
  version = "v0.7.0"

[[projects]]
  digest = "1:4753e9dba3c4dea247a1b65b638d74561c2f3df47fbac74b704d2603bbb41974"
  name = "github.com/olivere/elastic"
  packages = [
    ".",
    "config",
    "uritemplates",
  ]
  pruneopts = "UT"
  revision = "dc1492fc8d9d981e6a2e927933aac5546e473452"
  version = "v6.2.26"

[[projects]]
  digest = "1:cf31692c14422fa27c83a05292eb5cbe0fb2775972e8f1f8446a71549bd8980b"
  name = "github.com/pkg/errors"
  packages = ["."]
  pruneopts = "UT"
  revision = "ba968bfe8b2f7e042a574c888954fccecfa385b4"
  version = "v0.8.1"

[[projects]]
  branch = "master"
  digest = "1:46cdc35c1813b1ebcb372087e78ff161f1bafee8ecd268a54f21d15c5fcfdc0a"
  name = "golang.org/x/net"
  packages = [
    "html",
    "html/atom",
  ]
  pruneopts = "UT"
  revision = "fc4aabc6c91483155dade6fbb627cc953a723260"

[solve-meta]
  analyzer-name = "dep"
  analyzer-version = 1
  input-imports = [
    "github.com/PuerkitoBio/goquery",
    "github.com/go-redis/redis",
    "github.com/olivere/elastic",
  ]
  solver-name = "gps-cdcl"
  solver-version = 1
